// !$*UTF8*$!
{
	archiveVersion = 1;
	classes = {
	};
	objectVersion = 46;
	objects = {

/* Begin PBXBuildFile section */
		120EE2121C40F05B00436544 /* AppDelegate.swift in Sources */ = {isa = PBXBuildFile; fileRef = 120EE2111C40F05B00436544 /* AppDelegate.swift */; };
		120EE2141C40F05B00436544 /* ViewController.swift in Sources */ = {isa = PBXBuildFile; fileRef = 120EE2131C40F05B00436544 /* ViewController.swift */; };
		120EE2171C40F05B00436544 /* Main.storyboard in Resources */ = {isa = PBXBuildFile; fileRef = 120EE2151C40F05B00436544 /* Main.storyboard */; };
		120EE2191C40F05B00436544 /* Assets.xcassets in Resources */ = {isa = PBXBuildFile; fileRef = 120EE2181C40F05B00436544 /* Assets.xcassets */; };
		120EE21C1C40F05B00436544 /* LaunchScreen.storyboard in Resources */ = {isa = PBXBuildFile; fileRef = 120EE21A1C40F05B00436544 /* LaunchScreen.storyboard */; };
		120EE2241C40F4CD00436544 /* pokemon.csv in Resources */ = {isa = PBXBuildFile; fileRef = 120EE2231C40F4CD00436544 /* pokemon.csv */; };
		120EE2281C40F5FF00436544 /* Pokemon.swift in Sources */ = {isa = PBXBuildFile; fileRef = 120EE2271C40F5FF00436544 /* Pokemon.swift */; };
		126DE34F1C417976003E001C /* PokeCell.swift in Sources */ = {isa = PBXBuildFile; fileRef = 126DE34E1C417976003E001C /* PokeCell.swift */; };
		126DE3511C418437003E001C /* csv.swift in Sources */ = {isa = PBXBuildFile; fileRef = 126DE3501C418437003E001C /* csv.swift */; };
/* End PBXBuildFile section */

/* Begin PBXFileReference section */
		120EE20E1C40F05B00436544 /* PokeDex-app.app */ = {isa = PBXFileReference; explicitFileType = wrapper.application; includeInIndex = 0; path = "PokeDex-app.app"; sourceTree = BUILT_PRODUCTS_DIR; };
		120EE2111C40F05B00436544 /* AppDelegate.swift */ = {isa = PBXFileReference; lastKnownFileType = sourcecode.swift; path = AppDelegate.swift; sourceTree = "<group>"; };
		120EE2131C40F05B00436544 /* ViewController.swift */ = {isa = PBXFileReference; lastKnownFileType = sourcecode.swift; path = ViewController.swift; sourceTree = "<group>"; };
		120EE2161C40F05B00436544 /* Base */ = {isa = PBXFileReference; lastKnownFileType = file.storyboard; name = Base; path = Base.lproj/Main.storyboard; sourceTree = "<group>"; };
		120EE2181C40F05B00436544 /* Assets.xcassets */ = {isa = PBXFileReference; lastKnownFileType = folder.assetcatalog; path = Assets.xcassets; sourceTree = "<group>"; };
		120EE21B1C40F05B00436544 /* Base */ = {isa = PBXFileReference; lastKnownFileType = file.storyboard; name = Base; path = Base.lproj/LaunchScreen.storyboard; sourceTree = "<group>"; };
		120EE21D1C40F05B00436544 /* Info.plist */ = {isa = PBXFileReference; lastKnownFileType = text.plist.xml; path = Info.plist; sourceTree = "<group>"; };
		120EE2231C40F4CD00436544 /* pokemon.csv */ = {isa = PBXFileReference; fileEncoding = 4; lastKnownFileType = text; path = pokemon.csv; sourceTree = "<group>"; };
		120EE2271C40F5FF00436544 /* Pokemon.swift */ = {isa = PBXFileReference; fileEncoding = 4; lastKnownFileType = sourcecode.swift; path = Pokemon.swift; sourceTree = "<group>"; };
		126DE34E1C417976003E001C /* PokeCell.swift */ = {isa = PBXFileReference; fileEncoding = 4; lastKnownFileType = sourcecode.swift; path = PokeCell.swift; sourceTree = "<group>"; };
		126DE3501C418437003E001C /* csv.swift */ = {isa = PBXFileReference; fileEncoding = 4; lastKnownFileType = sourcecode.swift; path = csv.swift; sourceTree = "<group>"; };
/* End PBXFileReference section */

/* Begin PBXFrameworksBuildPhase section */
		120EE20B1C40F05B00436544 /* Frameworks */ = {
			isa = PBXFrameworksBuildPhase;
			buildActionMask = 2147483647;
			files = (
			);
			runOnlyForDeploymentPostprocessing = 0;
		};
/* End PBXFrameworksBuildPhase section */

/* Begin PBXGroup section */
		120EE2051C40F05A00436544 = {
			isa = PBXGroup;
			children = (
				120EE2101C40F05B00436544 /* PokeDex-app */,
				120EE20F1C40F05B00436544 /* Products */,
			);
			sourceTree = "<group>";
		};
		120EE20F1C40F05B00436544 /* Products */ = {
			isa = PBXGroup;
			children = (
				120EE20E1C40F05B00436544 /* PokeDex-app.app */,
			);
			name = Products;
			sourceTree = "<group>";
		};
		120EE2101C40F05B00436544 /* PokeDex-app */ = {
			isa = PBXGroup;
			children = (
				126DE3531C418466003E001C /* Resources */,
				126DE3521C41844C003E001C /* Utility */,
				126DE34D1C417952003E001C /* View */,
				120EE2261C40F5D700436544 /* Controller */,
				120EE2251C40F5D000436544 /* Model */,
				120EE2111C40F05B00436544 /* AppDelegate.swift */,
				120EE2151C40F05B00436544 /* Main.storyboard */,
				120EE2181C40F05B00436544 /* Assets.xcassets */,
				120EE21A1C40F05B00436544 /* LaunchScreen.storyboard */,
				120EE21D1C40F05B00436544 /* Info.plist */,
			);
			path = "PokeDex-app";
			sourceTree = "<group>";
		};
		120EE2251C40F5D000436544 /* Model */ = {
			isa = PBXGroup;
			children = (
				120EE2271C40F5FF00436544 /* Pokemon.swift */,
			);
			name = Model;
			sourceTree = "<group>";
		};
		120EE2261C40F5D700436544 /* Controller */ = {
			isa = PBXGroup;
			children = (
				120EE2131C40F05B00436544 /* ViewController.swift */,
			);
			name = Controller;
			sourceTree = "<group>";
		};
		126DE34D1C417952003E001C /* View */ = {
			isa = PBXGroup;
			children = (
				126DE34E1C417976003E001C /* PokeCell.swift */,
			);
			name = View;
			sourceTree = "<group>";
		};
		126DE3521C41844C003E001C /* Utility */ = {
			isa = PBXGroup;
			children = (
				126DE3501C418437003E001C /* csv.swift */,
			);
			name = Utility;
			sourceTree = "<group>";
		};
		126DE3531C418466003E001C /* Resources */ = {
			isa = PBXGroup;
			children = (
				120EE2231C40F4CD00436544 /* pokemon.csv */,
			);
			name = Resources;
			sourceTree = "<group>";
		};
/* End PBXGroup section */

/* Begin PBXNativeTarget section */
		120EE20D1C40F05B00436544 /* PokeDex-app */ = {
			isa = PBXNativeTarget;
			buildConfigurationList = 120EE2201C40F05B00436544 /* Build configuration list for PBXNativeTarget "PokeDex-app" */;
			buildPhases = (
				120EE20A1C40F05B00436544 /* Sources */,
				120EE20B1C40F05B00436544 /* Frameworks */,
				120EE20C1C40F05B00436544 /* Resources */,
			);
			buildRules = (
			);
			dependencies = (
			);
			name = "PokeDex-app";
			productName = "PokeDex-app";
			productReference = 120EE20E1C40F05B00436544 /* PokeDex-app.app */;
			productType = "com.apple.product-type.application";
		};
/* End PBXNativeTarget section */

/* Begin PBXProject section */
		120EE2061C40F05A00436544 /* Project object */ = {
			isa = PBXProject;
			attributes = {
				LastSwiftUpdateCheck = 0720;
				LastUpgradeCheck = 0720;
				ORGANIZATIONNAME = "Xinghan Wang";
				TargetAttributes = {
					120EE20D1C40F05B00436544 = {
						CreatedOnToolsVersion = 7.2;
					};
				};
			};
			buildConfigurationList = 120EE2091C40F05A00436544 /* Build configuration list for PBXProject "PokeDex-app" */;
			compatibilityVersion = "Xcode 3.2";
			developmentRegion = English;
			hasScannedForEncodings = 0;
			knownRegions = (
				en,
				Base,
			);
			mainGroup = 120EE2051C40F05A00436544;
			productRefGroup = 120EE20F1C40F05B00436544 /* Products */;
			projectDirPath = "";
			projectRoot = "";
			targets = (
				120EE20D1C40F05B00436544 /* PokeDex-app */,
			);
		};
/* End PBXProject section */

/* Begin PBXResourcesBuildPhase section */
		120EE20C1C40F05B00436544 /* Resources */ = {
			isa = PBXResourcesBuildPhase;
			buildActionMask = 2147483647;
			files = (
				120EE21C1C40F05B00436544 /* LaunchScreen.storyboard in Resources */,
				120EE2191C40F05B00436544 /* Assets.xcassets in Resources */,
				120EE2241C40F4CD00436544 /* pokemon.csv in Resources */,
				120EE2171C40F05B00436544 /* Main.storyboard in Resources */,
			);
			runOnlyForDeploymentPostprocessing = 0;
		};
/* End PBXResourcesBuildPhase section */

/* Begin PBXSourcesBuildPhase section */
		120EE20A1C40F05B00436544 /* Sources */ = {
			isa = PBXSourcesBuildPhase;
			buildActionMask = 2147483647;
			files = (
				126DE34F1C417976003E001C /* PokeCell.swift in Sources */,
				120EE2141C40F05B00436544 /* ViewController.swift in Sources */,
				120EE2121C40F05B00436544 /* AppDelegate.swift in Sources */,
				120EE2281C40F5FF00436544 /* Pokemon.swift in Sources */,
				126DE3511C418437003E001C /* csv.swift in Sources */,
			);
			runOnlyForDeploymentPostprocessing = 0;
		};
/* End PBXSourcesBuildPhase section */

/* Begin PBXVariantGroup section */
		120EE2151C40F05B00436544 /* Main.storyboard */ = {
			isa = PBXVariantGroup;
			children = (
				120EE2161C40F05B00436544 /* Base */,
			);
			name = Main.storyboard;
			sourceTree = "<group>";
		};
		120EE21A1C40F05B00436544 /* LaunchScreen.storyboard */ = {
			isa = PBXVariantGroup;
			children = (
				120EE21B1C40F05B00436544 /* Base */,
			);
			name = LaunchScreen.storyboard;
			sourceTree = "<group>";
		};
/* End PBXVariantGroup section */

/* Begin XCBuildConfiguration section */
		120EE21E1C40F05B00436544 /* Debug */ = {
			isa = XCBuildConfiguration;
			buildSettings = {
				ALWAYS_SEARCH_USER_PATHS = NO;
				CLANG_CXX_LANGUAGE_STANDARD = "gnu++0x";
				CLANG_CXX_LIBRARY = "libc++";
				CLANG_ENABLE_MODULES = YES;
				CLANG_ENABLE_OBJC_ARC = YES;
				CLANG_WARN_BOOL_CONVERSION = YES;
				CLANG_WARN_CONSTANT_CONVERSION = YES;
				CLANG_WARN_DIRECT_OBJC_ISA_USAGE = YES_ERROR;
				CLANG_WARN_EMPTY_BODY = YES;
				CLANG_WARN_ENUM_CONVERSION = YES;
				CLANG_WARN_INT_CONVERSION = YES;
				CLANG_WARN_OBJC_ROOT_CLASS = YES_ERROR;
				CLANG_WARN_UNREACHABLE_CODE = YES;
				CLANG_WARN__DUPLICATE_METHOD_MATCH = YES;
				"CODE_SIGN_IDENTITY[sdk=iphoneos*]" = "iPhone Developer";
				COPY_PHASE_STRIP = NO;
				DEBUG_INFORMATION_FORMAT = dwarf;
				ENABLE_STRICT_OBJC_MSGSEND = YES;
				ENABLE_TESTABILITY = YES;
				GCC_C_LANGUAGE_STANDARD = gnu99;
				GCC_DYNAMIC_NO_PIC = NO;
				GCC_NO_COMMON_BLOCKS = YES;
				GCC_OPTIMIZATION_LEVEL = 0;
				GCC_PREPROCESSOR_DEFINITIONS = (
					"DEBUG=1",
					"$(inherited)",
				);
				GCC_WARN_64_TO_32_BIT_CONVERSION = YES;
				GCC_WARN_ABOUT_RETURN_TYPE = YES_ERROR;
				GCC_WARN_UNDECLARED_SELECTOR = YES;
				GCC_WARN_UNINITIALIZED_AUTOS = YES_AGGRESSIVE;
				GCC_WARN_UNUSED_FUNCTION = YES;
				GCC_WARN_UNUSED_VARIABLE = YES;
				IPHONEOS_DEPLOYMENT_TARGET = 9.2;
				MTL_ENABLE_DEBUG_INFO = YES;
				ONLY_ACTIVE_ARCH = YES;
				SDKROOT = iphoneos;
				SWIFT_OPTIMIZATION_LEVEL = "-Onone";
			};
			name = Debug;
		};
		120EE21F1C40F05B00436544 /* Release */ = {
			isa = XCBuildConfiguration;
			buildSettings = {
				ALWAYS_SEARCH_USER_PATHS = NO;
				CLANG_CXX_LANGUAGE_STANDARD = "gnu++0x";
				CLANG_CXX_LIBRARY = "libc++";
				CLANG_ENABLE_MODULES = YES;
				CLANG_ENABLE_OBJC_ARC = YES;
				CLANG_WARN_BOOL_CONVERSION = YES;
				CLANG_WARN_CONSTANT_CONVERSION = YES;
				CLANG_WARN_DIRECT_OBJC_ISA_USAGE = YES_ERROR;
				CLANG_WARN_EMPTY_BODY = YES;
				CLANG_WARN_ENUM_CONVERSION = YES;
				CLANG_WARN_INT_CONVERSION = YES;
				CLANG_WARN_OBJC_ROOT_CLASS = YES_ERROR;
				CLANG_WARN_UNREACHABLE_CODE = YES;
				CLANG_WARN__DUPLICATE_METHOD_MATCH = YES;
				"CODE_SIGN_IDENTITY[sdk=iphoneos*]" = "iPhone Developer";
				COPY_PHASE_STRIP = NO;
				DEBUG_INFORMATION_FORMAT = "dwarf-with-dsym";
				ENABLE_NS_ASSERTIONS = NO;
				ENABLE_STRICT_OBJC_MSGSEND = YES;
				GCC_C_LANGUAGE_STANDARD = gnu99;
				GCC_NO_COMMON_BLOCKS = YES;
				GCC_WARN_64_TO_32_BIT_CONVERSION = YES;
				GCC_WARN_ABOUT_RETURN_TYPE = YES_ERROR;
				GCC_WARN_UNDECLARED_SELECTOR = YES;
				GCC_WARN_UNINITIALIZED_AUTOS = YES_AGGRESSIVE;
				GCC_WARN_UNUSED_FUNCTION = YES;
				GCC_WARN_UNUSED_VARIABLE = YES;
				IPHONEOS_DEPLOYMENT_TARGET = 9.2;
				MTL_ENABLE_DEBUG_INFO = NO;
				SDKROOT = iphoneos;
				VALIDATE_PRODUCT = YES;
			};
			name = Release;
		};
		120EE2211C40F05B00436544 /* Debug */ = {
			isa = XCBuildConfiguration;
			buildSettings = {
				ASSETCATALOG_COMPILER_APPICON_NAME = AppIcon;
				INFOPLIST_FILE = "PokeDex-app/Info.plist";
				LD_RUNPATH_SEARCH_PATHS = "$(inherited) @executable_path/Frameworks";
				PRODUCT_BUNDLE_IDENTIFIER = "SeanWang.PokeDex-app";
				PRODUCT_NAME = "$(TARGET_NAME)";
			};
			name = Debug;
		};
		120EE2221C40F05B00436544 /* Release */ = {
			isa = XCBuildConfiguration;
			buildSettings = {
				ASSETCATALOG_COMPILER_APPICON_NAME = AppIcon;
				INFOPLIST_FILE = "PokeDex-app/Info.plist";
				LD_RUNPATH_SEARCH_PATHS = "$(inherited) @executable_path/Frameworks";
				PRODUCT_BUNDLE_IDENTIFIER = "SeanWang.PokeDex-app";
				PRODUCT_NAME = "$(TARGET_NAME)";
			};
			name = Release;
		};
/* End XCBuildConfiguration section */

/* Begin XCConfigurationList section */
		120EE2091C40F05A00436544 /* Build configuration list for PBXProject "PokeDex-app" */ = {
			isa = XCConfigurationList;
			buildConfigurations = (
				120EE21E1C40F05B00436544 /* Debug */,
				120EE21F1C40F05B00436544 /* Release */,
			);
			defaultConfigurationIsVisible = 0;
			defaultConfigurationName = Release;
		};
		120EE2201C40F05B00436544 /* Build configuration list for PBXNativeTarget "PokeDex-app" */ = {
			isa = XCConfigurationList;
			buildConfigurations = (
				120EE2211C40F05B00436544 /* Debug */,
				120EE2221C40F05B00436544 /* Release */,
			);
			defaultConfigurationIsVisible = 0;
			defaultConfigurationName = Release;
		};
/* End XCConfigurationList section */
	};
	rootObject = 120EE2061C40F05A00436544 /* Project object */;
}
